// !$*UTF8*$!
{
	archiveVersion = 1;
	classes = {
	};
	objectVersion = 50;
	objects = {

/* Begin PBXBuildFile section */
		5C93B2D125BEBB4A0067A723 /* AppDelegate.swift in Sources */ = {isa = PBXBuildFile; fileRef = 5C93B2D025BEBB4A0067A723 /* AppDelegate.swift */; };
		5C93B2D325BEBB4A0067A723 /* SceneDelegate.swift in Sources */ = {isa = PBXBuildFile; fileRef = 5C93B2D225BEBB4A0067A723 /* SceneDelegate.swift */; };
		5C93B2D525BEBB4A0067A723 /* ViewController.swift in Sources */ = {isa = PBXBuildFile; fileRef = 5C93B2D425BEBB4A0067A723 /* ViewController.swift */; };
		5C93B2D825BEBB4A0067A723 /* Main.storyboard in Resources */ = {isa = PBXBuildFile; fileRef = 5C93B2D625BEBB4A0067A723 /* Main.storyboard */; };
		5C93B2DA25BEBB4D0067A723 /* Assets.xcassets in Resources */ = {isa = PBXBuildFile; fileRef = 5C93B2D925BEBB4D0067A723 /* Assets.xcassets */; };
		5C93B2DD25BEBB4D0067A723 /* LaunchScreen.storyboard in Resources */ = {isa = PBXBuildFile; fileRef = 5C93B2DB25BEBB4D0067A723 /* LaunchScreen.storyboard */; };
		5C93B2E625BEBB910067A723 /* GoogleService-Info.plist in Resources */ = {isa = PBXBuildFile; fileRef = 5C93B2E525BEBB910067A723 /* GoogleService-Info.plist */; };
		AF9A619D4A474FD28B927300 /* Pods_FireStoreBasic.framework in Frameworks */ = {isa = PBXBuildFile; fileRef = D0B621D5F075F79F2DA244C8 /* Pods_FireStoreBasic.framework */; };
/* End PBXBuildFile section */

/* Begin PBXFileReference section */
		5C93B2CD25BEBB4A0067A723 /* FireStoreBasic.app */ = {isa = PBXFileReference; explicitFileType = wrapper.application; includeInIndex = 0; path = FireStoreBasic.app; sourceTree = BUILT_PRODUCTS_DIR; };
		5C93B2D025BEBB4A0067A723 /* AppDelegate.swift */ = {isa = PBXFileReference; lastKnownFileType = sourcecode.swift; path = AppDelegate.swift; sourceTree = "<group>"; };
		5C93B2D225BEBB4A0067A723 /* SceneDelegate.swift */ = {isa = PBXFileReference; lastKnownFileType = sourcecode.swift; path = SceneDelegate.swift; sourceTree = "<group>"; };
		5C93B2D425BEBB4A0067A723 /* ViewController.swift */ = {isa = PBXFileReference; lastKnownFileType = sourcecode.swift; path = ViewController.swift; sourceTree = "<group>"; };
		5C93B2D725BEBB4A0067A723 /* Base */ = {isa = PBXFileReference; lastKnownFileType = file.storyboard; name = Base; path = Base.lproj/Main.storyboard; sourceTree = "<group>"; };
		5C93B2D925BEBB4D0067A723 /* Assets.xcassets */ = {isa = PBXFileReference; lastKnownFileType = folder.assetcatalog; path = Assets.xcassets; sourceTree = "<group>"; };
		5C93B2DC25BEBB4D0067A723 /* Base */ = {isa = PBXFileReference; lastKnownFileType = file.storyboard; name = Base; path = Base.lproj/LaunchScreen.storyboard; sourceTree = "<group>"; };
		5C93B2DE25BEBB4D0067A723 /* Info.plist */ = {isa = PBXFileReference; lastKnownFileType = text.plist.xml; path = Info.plist; sourceTree = "<group>"; };
		5C93B2E525BEBB910067A723 /* GoogleService-Info.plist */ = {isa = PBXFileReference; fileEncoding = 4; lastKnownFileType = text.plist.xml; path = "GoogleService-Info.plist"; sourceTree = "<group>"; };
		A4C80751135AA57BFF72FD7A /* Pods-FireStoreBasic.release.xcconfig */ = {isa = PBXFileReference; includeInIndex = 1; lastKnownFileType = text.xcconfig; name = "Pods-FireStoreBasic.release.xcconfig"; path = "Target Support Files/Pods-FireStoreBasic/Pods-FireStoreBasic.release.xcconfig"; sourceTree = "<group>"; };
		B03A0DE8EB4A6CD404BC1BE8 /* Pods-FireStoreBasic.debug.xcconfig */ = {isa = PBXFileReference; includeInIndex = 1; lastKnownFileType = text.xcconfig; name = "Pods-FireStoreBasic.debug.xcconfig"; path = "Target Support Files/Pods-FireStoreBasic/Pods-FireStoreBasic.debug.xcconfig"; sourceTree = "<group>"; };
		D0B621D5F075F79F2DA244C8 /* Pods_FireStoreBasic.framework */ = {isa = PBXFileReference; explicitFileType = wrapper.framework; includeInIndex = 0; path = Pods_FireStoreBasic.framework; sourceTree = BUILT_PRODUCTS_DIR; };
/* End PBXFileReference section */

/* Begin PBXFrameworksBuildPhase section */
		5C93B2CA25BEBB4A0067A723 /* Frameworks */ = {
			isa = PBXFrameworksBuildPhase;
			buildActionMask = 2147483647;
			files = (
				AF9A619D4A474FD28B927300 /* Pods_FireStoreBasic.framework in Frameworks */,
			);
			runOnlyForDeploymentPostprocessing = 0;
		};
/* End PBXFrameworksBuildPhase section */

/* Begin PBXGroup section */
		5C93B2C425BEBB4A0067A723 = {
			isa = PBXGroup;
			children = (
				5C93B2CF25BEBB4A0067A723 /* FireStoreBasic */,
				5C93B2CE25BEBB4A0067A723 /* Products */,
				CE924D038C0BB3EA1F47846A /* Pods */,
				7BB12E9AEAF171A5AF5016D8 /* Frameworks */,
			);
			sourceTree = "<group>";
		};
		5C93B2CE25BEBB4A0067A723 /* Products */ = {
			isa = PBXGroup;
			children = (
				5C93B2CD25BEBB4A0067A723 /* FireStoreBasic.app */,
			);
			name = Products;
			sourceTree = "<group>";
		};
		5C93B2CF25BEBB4A0067A723 /* FireStoreBasic */ = {
			isa = PBXGroup;
			children = (
				5C93B2D025BEBB4A0067A723 /* AppDelegate.swift */,
				5C93B2D225BEBB4A0067A723 /* SceneDelegate.swift */,
				5C93B2D425BEBB4A0067A723 /* ViewController.swift */,
				5C93B2D625BEBB4A0067A723 /* Main.storyboard */,
				5C93B2D925BEBB4D0067A723 /* Assets.xcassets */,
				5C93B2DB25BEBB4D0067A723 /* LaunchScreen.storyboard */,
				5C93B2DE25BEBB4D0067A723 /* Info.plist */,
				5C93B2E525BEBB910067A723 /* GoogleService-Info.plist */,
			);
			path = FireStoreBasic;
			sourceTree = "<group>";
		};
		7BB12E9AEAF171A5AF5016D8 /* Frameworks */ = {
			isa = PBXGroup;
			children = (
				D0B621D5F075F79F2DA244C8 /* Pods_FireStoreBasic.framework */,
			);
			name = Frameworks;
			sourceTree = "<group>";
		};
		CE924D038C0BB3EA1F47846A /* Pods */ = {
			isa = PBXGroup;
			children = (
				B03A0DE8EB4A6CD404BC1BE8 /* Pods-FireStoreBasic.debug.xcconfig */,
				A4C80751135AA57BFF72FD7A /* Pods-FireStoreBasic.release.xcconfig */,
			);
			name = Pods;
			path = Pods;
			sourceTree = "<group>";
		};
/* End PBXGroup section */

/* Begin PBXNativeTarget section */
		5C93B2CC25BEBB4A0067A723 /* FireStoreBasic */ = {
			isa = PBXNativeTarget;
			buildConfigurationList = 5C93B2E125BEBB4D0067A723 /* Build configuration list for PBXNativeTarget "FireStoreBasic" */;
			buildPhases = (
				225B9C89EF0C793AE2031647 /* [CP] Check Pods Manifest.lock */,
				5C93B2C925BEBB4A0067A723 /* Sources */,
				5C93B2CA25BEBB4A0067A723 /* Frameworks */,
				5C93B2CB25BEBB4A0067A723 /* Resources */,
				BA91C2D511797EAB8073AA95 /* [CP] Embed Pods Frameworks */,
			);
			buildRules = (
			);
			dependencies = (
			);
			name = FireStoreBasic;
			productName = FireStoreBasic;
			productReference = 5C93B2CD25BEBB4A0067A723 /* FireStoreBasic.app */;
			productType = "com.apple.product-type.application";
		};
/* End PBXNativeTarget section */

/* Begin PBXProject section */
		5C93B2C525BEBB4A0067A723 /* Project object */ = {
			isa = PBXProject;
			attributes = {
				LastSwiftUpdateCheck = 1230;
				LastUpgradeCheck = 1230;
				TargetAttributes = {
					5C93B2CC25BEBB4A0067A723 = {
						CreatedOnToolsVersion = 12.3;
					};
				};
			};
			buildConfigurationList = 5C93B2C825BEBB4A0067A723 /* Build configuration list for PBXProject "FireStoreBasic" */;
			compatibilityVersion = "Xcode 9.3";
			developmentRegion = en;
			hasScannedForEncodings = 0;
			knownRegions = (
				en,
				Base,
			);
			mainGroup = 5C93B2C425BEBB4A0067A723;
			productRefGroup = 5C93B2CE25BEBB4A0067A723 /* Products */;
			projectDirPath = "";
			projectRoot = "";
			targets = (
				5C93B2CC25BEBB4A0067A723 /* FireStoreBasic */,
			);
		};
/* End PBXProject section */

/* Begin PBXResourcesBuildPhase section */
		5C93B2CB25BEBB4A0067A723 /* Resources */ = {
			isa = PBXResourcesBuildPhase;
			buildActionMask = 2147483647;
			files = (
				5C93B2DD25BEBB4D0067A723 /* LaunchScreen.storyboard in Resources */,
				5C93B2E625BEBB910067A723 /* GoogleService-Info.plist in Resources */,
				5C93B2DA25BEBB4D0067A723 /* Assets.xcassets in Resources */,
				5C93B2D825BEBB4A0067A723 /* Main.storyboard in Resources */,
			);
			runOnlyForDeploymentPostprocessing = 0;
		};
/* End PBXResourcesBuildPhase section */

/* Begin PBXShellScriptBuildPhase section */
		225B9C89EF0C793AE2031647 /* [CP] Check Pods Manifest.lock */ = {
			isa = PBXShellScriptBuildPhase;
			buildActionMask = 2147483647;
			files = (
			);
			inputFileListPaths = (
			);
			inputPaths = (
				"${PODS_PODFILE_DIR_PATH}/Podfile.lock",
				"${PODS_ROOT}/Manifest.lock",
			);
			name = "[CP] Check Pods Manifest.lock";
			outputFileListPaths = (
			);
			outputPaths = (
				"$(DERIVED_FILE_DIR)/Pods-FireStoreBasic-checkManifestLockResult.txt",
			);
			runOnlyForDeploymentPostprocessing = 0;
			shellPath = /bin/sh;
			shellScript = "diff \"${PODS_PODFILE_DIR_PATH}/Podfile.lock\" \"${PODS_ROOT}/Manifest.lock\" > /dev/null\nif [ $? != 0 ] ; then\n    # print error to STDERR\n    echo \"error: The sandbox is not in sync with the Podfile.lock. Run 'pod install' or update your CocoaPods installation.\" >&2\n    exit 1\nfi\n# This output is used by Xcode 'outputs' to avoid re-running this script phase.\necho \"SUCCESS\" > \"${SCRIPT_OUTPUT_FILE_0}\"\n";
			showEnvVarsInLog = 0;
		};
		BA91C2D511797EAB8073AA95 /* [CP] Embed Pods Frameworks */ = {
			isa = PBXShellScriptBuildPhase;
			buildActionMask = 2147483647;
			files = (
			);
			inputFileListPaths = (
				"${PODS_ROOT}/Target Support Files/Pods-FireStoreBasic/Pods-FireStoreBasic-frameworks-${CONFIGURATION}-input-files.xcfilelist",
			);
			name = "[CP] Embed Pods Frameworks";
			outputFileListPaths = (
				"${PODS_ROOT}/Target Support Files/Pods-FireStoreBasic/Pods-FireStoreBasic-frameworks-${CONFIGURATION}-output-files.xcfilelist",
			);
			runOnlyForDeploymentPostprocessing = 0;
			shellPath = /bin/sh;
			shellScript = "\"${PODS_ROOT}/Target Support Files/Pods-FireStoreBasic/Pods-FireStoreBasic-frameworks.sh\"\n";
			showEnvVarsInLog = 0;
		};
/* End PBXShellScriptBuildPhase section */

/* Begin PBXSourcesBuildPhase section */
		5C93B2C925BEBB4A0067A723 /* Sources */ = {
			isa = PBXSourcesBuildPhase;
			buildActionMask = 2147483647;
			files = (
				5C93B2D525BEBB4A0067A723 /* ViewController.swift in Sources */,
				5C93B2D125BEBB4A0067A723 /* AppDelegate.swift in Sources */,
				5C93B2D325BEBB4A0067A723 /* SceneDelegate.swift in Sources */,
			);
			runOnlyForDeploymentPostprocessing = 0;
		};
/* End PBXSourcesBuildPhase section */

/* Begin PBXVariantGroup section */
		5C93B2D625BEBB4A0067A723 /* Main.storyboard */ = {
			isa = PBXVariantGroup;
			children = (
				5C93B2D725BEBB4A0067A723 /* Base */,
			);
			name = Main.storyboard;
			sourceTree = "<group>";
		};
		5C93B2DB25BEBB4D0067A723 /* LaunchScreen.storyboard */ = {
			isa = PBXVariantGroup;
			children = (
				5C93B2DC25BEBB4D0067A723 /* Base */,
			);
			name = LaunchScreen.storyboard;
			sourceTree = "<group>";
		};
/* End PBXVariantGroup section */

/* Begin XCBuildConfiguration section */
		5C93B2DF25BEBB4D0067A723 /* Debug */ = {
			isa = XCBuildConfiguration;
			buildSettings = {
				ALWAYS_SEARCH_USER_PATHS = NO;
				CLANG_ANALYZER_NONNULL = YES;
				CLANG_ANALYZER_NUMBER_OBJECT_CONVERSION = YES_AGGRESSIVE;
				CLANG_CXX_LANGUAGE_STANDARD = "gnu++14";
				CLANG_CXX_LIBRARY = "libc++";
				CLANG_ENABLE_MODULES = YES;
				CLANG_ENABLE_OBJC_ARC = YES;
				CLANG_ENABLE_OBJC_WEAK = YES;
				CLANG_WARN_BLOCK_CAPTURE_AUTORELEASING = YES;
				CLANG_WARN_BOOL_CONVERSION = YES;
				CLANG_WARN_COMMA = YES;
				CLANG_WARN_CONSTANT_CONVERSION = YES;
				CLANG_WARN_DEPRECATED_OBJC_IMPLEMENTATIONS = YES;
				CLANG_WARN_DIRECT_OBJC_ISA_USAGE = YES_ERROR;
				CLANG_WARN_DOCUMENTATION_COMMENTS = YES;
				CLANG_WARN_EMPTY_BODY = YES;
				CLANG_WARN_ENUM_CONVERSION = YES;
				CLANG_WARN_INFINITE_RECURSION = YES;
				CLANG_WARN_INT_CONVERSION = YES;
				CLANG_WARN_NON_LITERAL_NULL_CONVERSION = YES;
				CLANG_WARN_OBJC_IMPLICIT_RETAIN_SELF = YES;
				CLANG_WARN_OBJC_LITERAL_CONVERSION = YES;
				CLANG_WARN_OBJC_ROOT_CLASS = YES_ERROR;
				CLANG_WARN_QUOTED_INCLUDE_IN_FRAMEWORK_HEADER = YES;
				CLANG_WARN_RANGE_LOOP_ANALYSIS = YES;
				CLANG_WARN_STRICT_PROTOTYPES = YES;
				CLANG_WARN_SUSPICIOUS_MOVE = YES;
				CLANG_WARN_UNGUARDED_AVAILABILITY = YES_AGGRESSIVE;
				CLANG_WARN_UNREACHABLE_CODE = YES;
				CLANG_WARN__DUPLICATE_METHOD_MATCH = YES;
				COPY_PHASE_STRIP = NO;
				DEBUG_INFORMATION_FORMAT = dwarf;
				ENABLE_STRICT_OBJC_MSGSEND = YES;
				ENABLE_TESTABILITY = YES;
				GCC_C_LANGUAGE_STANDARD = gnu11;
				GCC_DYNAMIC_NO_PIC = NO;
				GCC_NO_COMMON_BLOCKS = YES;
				GCC_OPTIMIZATION_LEVEL = 0;
				GCC_PREPROCESSOR_DEFINITIONS = (
					"DEBUG=1",
					"$(inherited)",
				);
				GCC_WARN_64_TO_32_BIT_CONVERSION = YES;
				GCC_WARN_ABOUT_RETURN_TYPE = YES_ERROR;
				GCC_WARN_UNDECLARED_SELECTOR = YES;
				GCC_WARN_UNINITIALIZED_AUTOS = YES_AGGRESSIVE;
				GCC_WARN_UNUSED_FUNCTION = YES;
				GCC_WARN_UNUSED_VARIABLE = YES;
				IPHONEOS_DEPLOYMENT_TARGET = 14.3;
				MTL_ENABLE_DEBUG_INFO = INCLUDE_SOURCE;
				MTL_FAST_MATH = YES;
				ONLY_ACTIVE_ARCH = YES;
				SDKROOT = iphoneos;
				SWIFT_ACTIVE_COMPILATION_CONDITIONS = DEBUG;
				SWIFT_OPTIMIZATION_LEVEL = "-Onone";
			};
			name = Debug;
		};
		5C93B2E025BEBB4D0067A723 /* Release */ = {
			isa = XCBuildConfiguration;
			buildSettings = {
				ALWAYS_SEARCH_USER_PATHS = NO;
				CLANG_ANALYZER_NONNULL = YES;
				CLANG_ANALYZER_NUMBER_OBJECT_CONVERSION = YES_AGGRESSIVE;
				CLANG_CXX_LANGUAGE_STANDARD = "gnu++14";
				CLANG_CXX_LIBRARY = "libc++";
				CLANG_ENABLE_MODULES = YES;
				CLANG_ENABLE_OBJC_ARC = YES;
				CLANG_ENABLE_OBJC_WEAK = YES;
				CLANG_WARN_BLOCK_CAPTURE_AUTORELEASING = YES;
				CLANG_WARN_BOOL_CONVERSION = YES;
				CLANG_WARN_COMMA = YES;
				CLANG_WARN_CONSTANT_CONVERSION = YES;
				CLANG_WARN_DEPRECATED_OBJC_IMPLEMENTATIONS = YES;
				CLANG_WARN_DIRECT_OBJC_ISA_USAGE = YES_ERROR;
				CLANG_WARN_DOCUMENTATION_COMMENTS = YES;
				CLANG_WARN_EMPTY_BODY = YES;
				CLANG_WARN_ENUM_CONVERSION = YES;
				CLANG_WARN_INFINITE_RECURSION = YES;
				CLANG_WARN_INT_CONVERSION = YES;
				CLANG_WARN_NON_LITERAL_NULL_CONVERSION = YES;
				CLANG_WARN_OBJC_IMPLICIT_RETAIN_SELF = YES;
				CLANG_WARN_OBJC_LITERAL_CONVERSION = YES;
				CLANG_WARN_OBJC_ROOT_CLASS = YES_ERROR;
				CLANG_WARN_QUOTED_INCLUDE_IN_FRAMEWORK_HEADER = YES;
				CLANG_WARN_RANGE_LOOP_ANALYSIS = YES;
				CLANG_WARN_STRICT_PROTOTYPES = YES;
				CLANG_WARN_SUSPICIOUS_MOVE = YES;
				CLANG_WARN_UNGUARDED_AVAILABILITY = YES_AGGRESSIVE;
				CLANG_WARN_UNREACHABLE_CODE = YES;
				CLANG_WARN__DUPLICATE_METHOD_MATCH = YES;
				COPY_PHASE_STRIP = NO;
				DEBUG_INFORMATION_FORMAT = "dwarf-with-dsym";
				ENABLE_NS_ASSERTIONS = NO;
				ENABLE_STRICT_OBJC_MSGSEND = YES;
				GCC_C_LANGUAGE_STANDARD = gnu11;
				GCC_NO_COMMON_BLOCKS = YES;
				GCC_WARN_64_TO_32_BIT_CONVERSION = YES;
				GCC_WARN_ABOUT_RETURN_TYPE = YES_ERROR;
				GCC_WARN_UNDECLARED_SELECTOR = YES;
				GCC_WARN_UNINITIALIZED_AUTOS = YES_AGGRESSIVE;
				GCC_WARN_UNUSED_FUNCTION = YES;
				GCC_WARN_UNUSED_VARIABLE = YES;
				IPHONEOS_DEPLOYMENT_TARGET = 14.3;
				MTL_ENABLE_DEBUG_INFO = NO;
				MTL_FAST_MATH = YES;
				SDKROOT = iphoneos;
				SWIFT_COMPILATION_MODE = wholemodule;
				SWIFT_OPTIMIZATION_LEVEL = "-O";
				VALIDATE_PRODUCT = YES;
			};
			name = Release;
		};
		5C93B2E225BEBB4D0067A723 /* Debug */ = {
			isa = XCBuildConfiguration;
			baseConfigurationReference = B03A0DE8EB4A6CD404BC1BE8 /* Pods-FireStoreBasic.debug.xcconfig */;
			buildSettings = {
				ASSETCATALOG_COMPILER_APPICON_NAME = AppIcon;
				ASSETCATALOG_COMPILER_GLOBAL_ACCENT_COLOR_NAME = AccentColor;
				CODE_SIGN_STYLE = Automatic;
				DEVELOPMENT_TEAM = N4RT4KGQK9;
				INFOPLIST_FILE = FireStoreBasic/Info.plist;
				LD_RUNPATH_SEARCH_PATHS = (
					"$(inherited)",
					"@executable_path/Frameworks",
				);
				PRODUCT_BUNDLE_IDENTIFIER = com.madilyn.FireStoreBasic;
				PRODUCT_NAME = "$(TARGET_NAME)";
				SWIFT_VERSION = 5.0;
				TARGETED_DEVICE_FAMILY = "1,2";
			};
			name = Debug;
		};
		5C93B2E325BEBB4D0067A723 /* Release */ = {
			isa = XCBuildConfiguration;
			baseConfigurationReference = A4C80751135AA57BFF72FD7A /* Pods-FireStoreBasic.release.xcconfig */;
			buildSettings = {
				ASSETCATALOG_COMPILER_APPICON_NAME = AppIcon;
				ASSETCATALOG_COMPILER_GLOBAL_ACCENT_COLOR_NAME = AccentColor;
				CODE_SIGN_STYLE = Automatic;
				DEVELOPMENT_TEAM = N4RT4KGQK9;
				INFOPLIST_FILE = FireStoreBasic/Info.plist;
				LD_RUNPATH_SEARCH_PATHS = (
					"$(inherited)",
					"@executable_path/Frameworks",
				);
				PRODUCT_BUNDLE_IDENTIFIER = com.madilyn.FireStoreBasic;
				PRODUCT_NAME = "$(TARGET_NAME)";
				SWIFT_VERSION = 5.0;
				TARGETED_DEVICE_FAMILY = "1,2";
			};
			name = Release;
		};
/* End XCBuildConfiguration section */

/* Begin XCConfigurationList section */
		5C93B2C825BEBB4A0067A723 /* Build configuration list for PBXProject "FireStoreBasic" */ = {
			isa = XCConfigurationList;
			buildConfigurations = (
				5C93B2DF25BEBB4D0067A723 /* Debug */,
				5C93B2E025BEBB4D0067A723 /* Release */,
			);
			defaultConfigurationIsVisible = 0;
			defaultConfigurationName = Release;
		};
		5C93B2E125BEBB4D0067A723 /* Build configuration list for PBXNativeTarget "FireStoreBasic" */ = {
			isa = XCConfigurationList;
			buildConfigurations = (
				5C93B2E225BEBB4D0067A723 /* Debug */,
				5C93B2E325BEBB4D0067A723 /* Release */,
			);
			defaultConfigurationIsVisible = 0;
			defaultConfigurationName = Release;
		};
/* End XCConfigurationList section */
	};
	rootObject = 5C93B2C525BEBB4A0067A723 /* Project object */;
}
