// !$*UTF8*$!
{
	archiveVersion = 1;
	classes = {
	};
	objectVersion = 51;
	objects = {

/* Begin PBXBuildFile section */
		5C1D3EDD25A6DCA300916594 /* LottoCell.swift in Sources */ = {isa = PBXBuildFile; fileRef = 5C1D3EDC25A6DCA300916594 /* LottoCell.swift */; };
		5C93B2B625BEA1850067A723 /* GoogleService-Info.plist in Resources */ = {isa = PBXBuildFile; fileRef = 5C93B2B525BEA1850067A723 /* GoogleService-Info.plist */; };
		5CC414C325A61F3900506805 /* AppDelegate.swift in Sources */ = {isa = PBXBuildFile; fileRef = 5CC414C225A61F3900506805 /* AppDelegate.swift */; };
		5CC414C525A61F3900506805 /* SceneDelegate.swift in Sources */ = {isa = PBXBuildFile; fileRef = 5CC414C425A61F3900506805 /* SceneDelegate.swift */; };
		5CC414C725A61F3900506805 /* ViewController.swift in Sources */ = {isa = PBXBuildFile; fileRef = 5CC414C625A61F3900506805 /* ViewController.swift */; };
		5CC414CA25A61F3900506805 /* Main.storyboard in Resources */ = {isa = PBXBuildFile; fileRef = 5CC414C825A61F3900506805 /* Main.storyboard */; };
		5CC414CC25A61F3C00506805 /* Assets.xcassets in Resources */ = {isa = PBXBuildFile; fileRef = 5CC414CB25A61F3C00506805 /* Assets.xcassets */; };
		5CC414CF25A61F3D00506805 /* LaunchScreen.storyboard in Resources */ = {isa = PBXBuildFile; fileRef = 5CC414CD25A61F3D00506805 /* LaunchScreen.storyboard */; };
		5EE5D567BBDAC9D928C6BDE6 /* Pods_LottoDraw.framework in Frameworks */ = {isa = PBXBuildFile; fileRef = BF821E96BA89647B53673BB6 /* Pods_LottoDraw.framework */; };
/* End PBXBuildFile section */

/* Begin PBXFileReference section */
		20DB3E5299B50823024F6DAE /* Pods-LottoDraw.debug.xcconfig */ = {isa = PBXFileReference; includeInIndex = 1; lastKnownFileType = text.xcconfig; name = "Pods-LottoDraw.debug.xcconfig"; path = "Target Support Files/Pods-LottoDraw/Pods-LottoDraw.debug.xcconfig"; sourceTree = "<group>"; };
		5C1D3EDC25A6DCA300916594 /* LottoCell.swift */ = {isa = PBXFileReference; lastKnownFileType = sourcecode.swift; path = LottoCell.swift; sourceTree = "<group>"; };
		5C93B2B525BEA1850067A723 /* GoogleService-Info.plist */ = {isa = PBXFileReference; fileEncoding = 4; lastKnownFileType = text.plist.xml; path = "GoogleService-Info.plist"; sourceTree = "<group>"; };
		5CC414BF25A61F3900506805 /* LottoDraw.app */ = {isa = PBXFileReference; explicitFileType = wrapper.application; includeInIndex = 0; path = LottoDraw.app; sourceTree = BUILT_PRODUCTS_DIR; };
		5CC414C225A61F3900506805 /* AppDelegate.swift */ = {isa = PBXFileReference; lastKnownFileType = sourcecode.swift; path = AppDelegate.swift; sourceTree = "<group>"; };
		5CC414C425A61F3900506805 /* SceneDelegate.swift */ = {isa = PBXFileReference; lastKnownFileType = sourcecode.swift; path = SceneDelegate.swift; sourceTree = "<group>"; };
		5CC414C625A61F3900506805 /* ViewController.swift */ = {isa = PBXFileReference; lastKnownFileType = sourcecode.swift; path = ViewController.swift; sourceTree = "<group>"; };
		5CC414C925A61F3900506805 /* Base */ = {isa = PBXFileReference; lastKnownFileType = file.storyboard; name = Base; path = Base.lproj/Main.storyboard; sourceTree = "<group>"; };
		5CC414CB25A61F3C00506805 /* Assets.xcassets */ = {isa = PBXFileReference; lastKnownFileType = folder.assetcatalog; path = Assets.xcassets; sourceTree = "<group>"; };
		5CC414CE25A61F3D00506805 /* Base */ = {isa = PBXFileReference; lastKnownFileType = file.storyboard; name = Base; path = Base.lproj/LaunchScreen.storyboard; sourceTree = "<group>"; };
		5CC414D025A61F3D00506805 /* Info.plist */ = {isa = PBXFileReference; lastKnownFileType = text.plist.xml; path = Info.plist; sourceTree = "<group>"; };
		BF821E96BA89647B53673BB6 /* Pods_LottoDraw.framework */ = {isa = PBXFileReference; explicitFileType = wrapper.framework; includeInIndex = 0; path = Pods_LottoDraw.framework; sourceTree = BUILT_PRODUCTS_DIR; };
		D7ED9F279E12D6E8FCA85539 /* Pods-LottoDraw.release.xcconfig */ = {isa = PBXFileReference; includeInIndex = 1; lastKnownFileType = text.xcconfig; name = "Pods-LottoDraw.release.xcconfig"; path = "Target Support Files/Pods-LottoDraw/Pods-LottoDraw.release.xcconfig"; sourceTree = "<group>"; };
/* End PBXFileReference section */

/* Begin PBXFrameworksBuildPhase section */
		5CC414BC25A61F3900506805 /* Frameworks */ = {
			isa = PBXFrameworksBuildPhase;
			buildActionMask = 2147483647;
			files = (
				5EE5D567BBDAC9D928C6BDE6 /* Pods_LottoDraw.framework in Frameworks */,
			);
			runOnlyForDeploymentPostprocessing = 0;
		};
/* End PBXFrameworksBuildPhase section */

/* Begin PBXGroup section */
		2F62004F8BACE5C48EE7DFC7 /* Frameworks */ = {
			isa = PBXGroup;
			children = (
				BF821E96BA89647B53673BB6 /* Pods_LottoDraw.framework */,
			);
			name = Frameworks;
			sourceTree = "<group>";
		};
		5CC414B625A61F3900506805 = {
			isa = PBXGroup;
			children = (
				5CC414C125A61F3900506805 /* LottoDraw */,
				5CC414C025A61F3900506805 /* Products */,
				982A9AEA89E2C7F700A9FC83 /* Pods */,
				2F62004F8BACE5C48EE7DFC7 /* Frameworks */,
			);
			sourceTree = "<group>";
		};
		5CC414C025A61F3900506805 /* Products */ = {
			isa = PBXGroup;
			children = (
				5CC414BF25A61F3900506805 /* LottoDraw.app */,
			);
			name = Products;
			sourceTree = "<group>";
		};
		5CC414C125A61F3900506805 /* LottoDraw */ = {
			isa = PBXGroup;
			children = (
				5CC414C225A61F3900506805 /* AppDelegate.swift */,
				5CC414C425A61F3900506805 /* SceneDelegate.swift */,
				5CC414C625A61F3900506805 /* ViewController.swift */,
				5C1D3EDC25A6DCA300916594 /* LottoCell.swift */,
				5CC414C825A61F3900506805 /* Main.storyboard */,
				5CC414CB25A61F3C00506805 /* Assets.xcassets */,
				5CC414CD25A61F3D00506805 /* LaunchScreen.storyboard */,
				5CC414D025A61F3D00506805 /* Info.plist */,
				5C93B2B525BEA1850067A723 /* GoogleService-Info.plist */,
			);
			path = LottoDraw;
			sourceTree = "<group>";
		};
		982A9AEA89E2C7F700A9FC83 /* Pods */ = {
			isa = PBXGroup;
			children = (
				20DB3E5299B50823024F6DAE /* Pods-LottoDraw.debug.xcconfig */,
				D7ED9F279E12D6E8FCA85539 /* Pods-LottoDraw.release.xcconfig */,
			);
			path = Pods;
			sourceTree = "<group>";
		};
/* End PBXGroup section */

/* Begin PBXNativeTarget section */
		5CC414BE25A61F3900506805 /* LottoDraw */ = {
			isa = PBXNativeTarget;
			buildConfigurationList = 5CC414D325A61F3D00506805 /* Build configuration list for PBXNativeTarget "LottoDraw" */;
			buildPhases = (
				E3B3DBFD9DFAE73E3EDCEA0D /* [CP] Check Pods Manifest.lock */,
				5CC414BB25A61F3900506805 /* Sources */,
				5CC414BC25A61F3900506805 /* Frameworks */,
				5CC414BD25A61F3900506805 /* Resources */,
				027842CF8EFA6F13470A1E30 /* [CP] Embed Pods Frameworks */,
			);
			buildRules = (
			);
			dependencies = (
			);
			name = LottoDraw;
			productName = LottoDraw;
			productReference = 5CC414BF25A61F3900506805 /* LottoDraw.app */;
			productType = "com.apple.product-type.application";
		};
/* End PBXNativeTarget section */

/* Begin PBXProject section */
		5CC414B725A61F3900506805 /* Project object */ = {
			isa = PBXProject;
			attributes = {
				LastSwiftUpdateCheck = 1230;
				LastUpgradeCheck = 1230;
				TargetAttributes = {
					5CC414BE25A61F3900506805 = {
						CreatedOnToolsVersion = 12.3;
					};
				};
			};
			buildConfigurationList = 5CC414BA25A61F3900506805 /* Build configuration list for PBXProject "LottoDraw" */;
			compatibilityVersion = "Xcode 9.3";
			developmentRegion = en;
			hasScannedForEncodings = 0;
			knownRegions = (
				en,
				Base,
			);
			mainGroup = 5CC414B625A61F3900506805;
			productRefGroup = 5CC414C025A61F3900506805 /* Products */;
			projectDirPath = "";
			projectRoot = "";
			targets = (
				5CC414BE25A61F3900506805 /* LottoDraw */,
			);
		};
/* End PBXProject section */

/* Begin PBXResourcesBuildPhase section */
		5CC414BD25A61F3900506805 /* Resources */ = {
			isa = PBXResourcesBuildPhase;
			buildActionMask = 2147483647;
			files = (
				5CC414CF25A61F3D00506805 /* LaunchScreen.storyboard in Resources */,
				5C93B2B625BEA1850067A723 /* GoogleService-Info.plist in Resources */,
				5CC414CC25A61F3C00506805 /* Assets.xcassets in Resources */,
				5CC414CA25A61F3900506805 /* Main.storyboard in Resources */,
			);
			runOnlyForDeploymentPostprocessing = 0;
		};
/* End PBXResourcesBuildPhase section */

/* Begin PBXShellScriptBuildPhase section */
		027842CF8EFA6F13470A1E30 /* [CP] Embed Pods Frameworks */ = {
			isa = PBXShellScriptBuildPhase;
			buildActionMask = 2147483647;
			files = (
			);
			inputFileListPaths = (
				"${PODS_ROOT}/Target Support Files/Pods-LottoDraw/Pods-LottoDraw-frameworks-${CONFIGURATION}-input-files.xcfilelist",
			);
			name = "[CP] Embed Pods Frameworks";
			outputFileListPaths = (
				"${PODS_ROOT}/Target Support Files/Pods-LottoDraw/Pods-LottoDraw-frameworks-${CONFIGURATION}-output-files.xcfilelist",
			);
			runOnlyForDeploymentPostprocessing = 0;
			shellPath = /bin/sh;
			shellScript = "\"${PODS_ROOT}/Target Support Files/Pods-LottoDraw/Pods-LottoDraw-frameworks.sh\"\n";
			showEnvVarsInLog = 0;
		};
		E3B3DBFD9DFAE73E3EDCEA0D /* [CP] Check Pods Manifest.lock */ = {
			isa = PBXShellScriptBuildPhase;
			buildActionMask = 2147483647;
			files = (
			);
			inputFileListPaths = (
			);
			inputPaths = (
				"${PODS_PODFILE_DIR_PATH}/Podfile.lock",
				"${PODS_ROOT}/Manifest.lock",
			);
			name = "[CP] Check Pods Manifest.lock";
			outputFileListPaths = (
			);
			outputPaths = (
				"$(DERIVED_FILE_DIR)/Pods-LottoDraw-checkManifestLockResult.txt",
			);
			runOnlyForDeploymentPostprocessing = 0;
			shellPath = /bin/sh;
			shellScript = "diff \"${PODS_PODFILE_DIR_PATH}/Podfile.lock\" \"${PODS_ROOT}/Manifest.lock\" > /dev/null\nif [ $? != 0 ] ; then\n    # print error to STDERR\n    echo \"error: The sandbox is not in sync with the Podfile.lock. Run 'pod install' or update your CocoaPods installation.\" >&2\n    exit 1\nfi\n# This output is used by Xcode 'outputs' to avoid re-running this script phase.\necho \"SUCCESS\" > \"${SCRIPT_OUTPUT_FILE_0}\"\n";
			showEnvVarsInLog = 0;
		};
/* End PBXShellScriptBuildPhase section */

/* Begin PBXSourcesBuildPhase section */
		5CC414BB25A61F3900506805 /* Sources */ = {
			isa = PBXSourcesBuildPhase;
			buildActionMask = 2147483647;
			files = (
				5C1D3EDD25A6DCA300916594 /* LottoCell.swift in Sources */,
				5CC414C725A61F3900506805 /* ViewController.swift in Sources */,
				5CC414C325A61F3900506805 /* AppDelegate.swift in Sources */,
				5CC414C525A61F3900506805 /* SceneDelegate.swift in Sources */,
			);
			runOnlyForDeploymentPostprocessing = 0;
		};
/* End PBXSourcesBuildPhase section */

/* Begin PBXVariantGroup section */
		5CC414C825A61F3900506805 /* Main.storyboard */ = {
			isa = PBXVariantGroup;
			children = (
				5CC414C925A61F3900506805 /* Base */,
			);
			name = Main.storyboard;
			sourceTree = "<group>";
		};
		5CC414CD25A61F3D00506805 /* LaunchScreen.storyboard */ = {
			isa = PBXVariantGroup;
			children = (
				5CC414CE25A61F3D00506805 /* Base */,
			);
			name = LaunchScreen.storyboard;
			sourceTree = "<group>";
		};
/* End PBXVariantGroup section */

/* Begin XCBuildConfiguration section */
		5CC414D125A61F3D00506805 /* Debug */ = {
			isa = XCBuildConfiguration;
			buildSettings = {
				ALWAYS_SEARCH_USER_PATHS = NO;
				CLANG_ANALYZER_NONNULL = YES;
				CLANG_ANALYZER_NUMBER_OBJECT_CONVERSION = YES_AGGRESSIVE;
				CLANG_CXX_LANGUAGE_STANDARD = "gnu++14";
				CLANG_CXX_LIBRARY = "libc++";
				CLANG_ENABLE_MODULES = YES;
				CLANG_ENABLE_OBJC_ARC = YES;
				CLANG_ENABLE_OBJC_WEAK = YES;
				CLANG_WARN_BLOCK_CAPTURE_AUTORELEASING = YES;
				CLANG_WARN_BOOL_CONVERSION = YES;
				CLANG_WARN_COMMA = YES;
				CLANG_WARN_CONSTANT_CONVERSION = YES;
				CLANG_WARN_DEPRECATED_OBJC_IMPLEMENTATIONS = YES;
				CLANG_WARN_DIRECT_OBJC_ISA_USAGE = YES_ERROR;
				CLANG_WARN_DOCUMENTATION_COMMENTS = YES;
				CLANG_WARN_EMPTY_BODY = YES;
				CLANG_WARN_ENUM_CONVERSION = YES;
				CLANG_WARN_INFINITE_RECURSION = YES;
				CLANG_WARN_INT_CONVERSION = YES;
				CLANG_WARN_NON_LITERAL_NULL_CONVERSION = YES;
				CLANG_WARN_OBJC_IMPLICIT_RETAIN_SELF = YES;
				CLANG_WARN_OBJC_LITERAL_CONVERSION = YES;
				CLANG_WARN_OBJC_ROOT_CLASS = YES_ERROR;
				CLANG_WARN_QUOTED_INCLUDE_IN_FRAMEWORK_HEADER = YES;
				CLANG_WARN_RANGE_LOOP_ANALYSIS = YES;
				CLANG_WARN_STRICT_PROTOTYPES = YES;
				CLANG_WARN_SUSPICIOUS_MOVE = YES;
				CLANG_WARN_UNGUARDED_AVAILABILITY = YES_AGGRESSIVE;
				CLANG_WARN_UNREACHABLE_CODE = YES;
				CLANG_WARN__DUPLICATE_METHOD_MATCH = YES;
				COPY_PHASE_STRIP = NO;
				DEBUG_INFORMATION_FORMAT = dwarf;
				ENABLE_STRICT_OBJC_MSGSEND = YES;
				ENABLE_TESTABILITY = YES;
				GCC_C_LANGUAGE_STANDARD = gnu11;
				GCC_DYNAMIC_NO_PIC = NO;
				GCC_NO_COMMON_BLOCKS = YES;
				GCC_OPTIMIZATION_LEVEL = 0;
				GCC_PREPROCESSOR_DEFINITIONS = (
					"DEBUG=1",
					"$(inherited)",
				);
				GCC_WARN_64_TO_32_BIT_CONVERSION = YES;
				GCC_WARN_ABOUT_RETURN_TYPE = YES_ERROR;
				GCC_WARN_UNDECLARED_SELECTOR = YES;
				GCC_WARN_UNINITIALIZED_AUTOS = YES_AGGRESSIVE;
				GCC_WARN_UNUSED_FUNCTION = YES;
				GCC_WARN_UNUSED_VARIABLE = YES;
				IPHONEOS_DEPLOYMENT_TARGET = 14.3;
				MTL_ENABLE_DEBUG_INFO = INCLUDE_SOURCE;
				MTL_FAST_MATH = YES;
				ONLY_ACTIVE_ARCH = YES;
				SDKROOT = iphoneos;
				SWIFT_ACTIVE_COMPILATION_CONDITIONS = DEBUG;
				SWIFT_OPTIMIZATION_LEVEL = "-Onone";
			};
			name = Debug;
		};
		5CC414D225A61F3D00506805 /* Release */ = {
			isa = XCBuildConfiguration;
			buildSettings = {
				ALWAYS_SEARCH_USER_PATHS = NO;
				CLANG_ANALYZER_NONNULL = YES;
				CLANG_ANALYZER_NUMBER_OBJECT_CONVERSION = YES_AGGRESSIVE;
				CLANG_CXX_LANGUAGE_STANDARD = "gnu++14";
				CLANG_CXX_LIBRARY = "libc++";
				CLANG_ENABLE_MODULES = YES;
				CLANG_ENABLE_OBJC_ARC = YES;
				CLANG_ENABLE_OBJC_WEAK = YES;
				CLANG_WARN_BLOCK_CAPTURE_AUTORELEASING = YES;
				CLANG_WARN_BOOL_CONVERSION = YES;
				CLANG_WARN_COMMA = YES;
				CLANG_WARN_CONSTANT_CONVERSION = YES;
				CLANG_WARN_DEPRECATED_OBJC_IMPLEMENTATIONS = YES;
				CLANG_WARN_DIRECT_OBJC_ISA_USAGE = YES_ERROR;
				CLANG_WARN_DOCUMENTATION_COMMENTS = YES;
				CLANG_WARN_EMPTY_BODY = YES;
				CLANG_WARN_ENUM_CONVERSION = YES;
				CLANG_WARN_INFINITE_RECURSION = YES;
				CLANG_WARN_INT_CONVERSION = YES;
				CLANG_WARN_NON_LITERAL_NULL_CONVERSION = YES;
				CLANG_WARN_OBJC_IMPLICIT_RETAIN_SELF = YES;
				CLANG_WARN_OBJC_LITERAL_CONVERSION = YES;
				CLANG_WARN_OBJC_ROOT_CLASS = YES_ERROR;
				CLANG_WARN_QUOTED_INCLUDE_IN_FRAMEWORK_HEADER = YES;
				CLANG_WARN_RANGE_LOOP_ANALYSIS = YES;
				CLANG_WARN_STRICT_PROTOTYPES = YES;
				CLANG_WARN_SUSPICIOUS_MOVE = YES;
				CLANG_WARN_UNGUARDED_AVAILABILITY = YES_AGGRESSIVE;
				CLANG_WARN_UNREACHABLE_CODE = YES;
				CLANG_WARN__DUPLICATE_METHOD_MATCH = YES;
				COPY_PHASE_STRIP = NO;
				DEBUG_INFORMATION_FORMAT = "dwarf-with-dsym";
				ENABLE_NS_ASSERTIONS = NO;
				ENABLE_STRICT_OBJC_MSGSEND = YES;
				GCC_C_LANGUAGE_STANDARD = gnu11;
				GCC_NO_COMMON_BLOCKS = YES;
				GCC_WARN_64_TO_32_BIT_CONVERSION = YES;
				GCC_WARN_ABOUT_RETURN_TYPE = YES_ERROR;
				GCC_WARN_UNDECLARED_SELECTOR = YES;
				GCC_WARN_UNINITIALIZED_AUTOS = YES_AGGRESSIVE;
				GCC_WARN_UNUSED_FUNCTION = YES;
				GCC_WARN_UNUSED_VARIABLE = YES;
				IPHONEOS_DEPLOYMENT_TARGET = 14.3;
				MTL_ENABLE_DEBUG_INFO = NO;
				MTL_FAST_MATH = YES;
				SDKROOT = iphoneos;
				SWIFT_COMPILATION_MODE = wholemodule;
				SWIFT_OPTIMIZATION_LEVEL = "-O";
				VALIDATE_PRODUCT = YES;
			};
			name = Release;
		};
		5CC414D425A61F3D00506805 /* Debug */ = {
			isa = XCBuildConfiguration;
			baseConfigurationReference = 20DB3E5299B50823024F6DAE /* Pods-LottoDraw.debug.xcconfig */;
			buildSettings = {
				ASSETCATALOG_COMPILER_APPICON_NAME = AppIcon;
				ASSETCATALOG_COMPILER_GLOBAL_ACCENT_COLOR_NAME = AccentColor;
				CODE_SIGN_STYLE = Automatic;
				DEVELOPMENT_TEAM = N4RT4KGQK9;
				INFOPLIST_FILE = LottoDraw/Info.plist;
				LD_RUNPATH_SEARCH_PATHS = (
					"$(inherited)",
					"@executable_path/Frameworks",
				);
				PRODUCT_BUNDLE_IDENTIFIER = com.madilyn.LottoDraw;
				PRODUCT_NAME = "$(TARGET_NAME)";
				SWIFT_VERSION = 5.0;
				TARGETED_DEVICE_FAMILY = "1,2";
			};
			name = Debug;
		};
		5CC414D525A61F3D00506805 /* Release */ = {
			isa = XCBuildConfiguration;
			baseConfigurationReference = D7ED9F279E12D6E8FCA85539 /* Pods-LottoDraw.release.xcconfig */;
			buildSettings = {
				ASSETCATALOG_COMPILER_APPICON_NAME = AppIcon;
				ASSETCATALOG_COMPILER_GLOBAL_ACCENT_COLOR_NAME = AccentColor;
				CODE_SIGN_STYLE = Automatic;
				DEVELOPMENT_TEAM = N4RT4KGQK9;
				INFOPLIST_FILE = LottoDraw/Info.plist;
				LD_RUNPATH_SEARCH_PATHS = (
					"$(inherited)",
					"@executable_path/Frameworks",
				);
				PRODUCT_BUNDLE_IDENTIFIER = com.madilyn.LottoDraw;
				PRODUCT_NAME = "$(TARGET_NAME)";
				SWIFT_VERSION = 5.0;
				TARGETED_DEVICE_FAMILY = "1,2";
			};
			name = Release;
		};
/* End XCBuildConfiguration section */

/* Begin XCConfigurationList section */
		5CC414BA25A61F3900506805 /* Build configuration list for PBXProject "LottoDraw" */ = {
			isa = XCConfigurationList;
			buildConfigurations = (
				5CC414D125A61F3D00506805 /* Debug */,
				5CC414D225A61F3D00506805 /* Release */,
			);
			defaultConfigurationIsVisible = 0;
			defaultConfigurationName = Release;
		};
		5CC414D325A61F3D00506805 /* Build configuration list for PBXNativeTarget "LottoDraw" */ = {
			isa = XCConfigurationList;
			buildConfigurations = (
				5CC414D425A61F3D00506805 /* Debug */,
				5CC414D525A61F3D00506805 /* Release */,
			);
			defaultConfigurationIsVisible = 0;
			defaultConfigurationName = Release;
		};
/* End XCConfigurationList section */
	};
	rootObject = 5CC414B725A61F3900506805 /* Project object */;
}
