// !$*UTF8*$!
{
	archiveVersion = 1;
	classes = {
	};
	objectVersion = 50;
	objects = {

/* Begin PBXBuildFile section */
		5C1D3EF325A7040F00916594 /* AppDelegate.swift in Sources */ = {isa = PBXBuildFile; fileRef = 5C1D3EF225A7040F00916594 /* AppDelegate.swift */; };
		5C1D3EF525A7040F00916594 /* SceneDelegate.swift in Sources */ = {isa = PBXBuildFile; fileRef = 5C1D3EF425A7040F00916594 /* SceneDelegate.swift */; };
		5C1D3EF725A7040F00916594 /* ViewController.swift in Sources */ = {isa = PBXBuildFile; fileRef = 5C1D3EF625A7040F00916594 /* ViewController.swift */; };
		5C1D3EFA25A7040F00916594 /* Main.storyboard in Resources */ = {isa = PBXBuildFile; fileRef = 5C1D3EF825A7040F00916594 /* Main.storyboard */; };
		5C1D3EFC25A7041200916594 /* Assets.xcassets in Resources */ = {isa = PBXBuildFile; fileRef = 5C1D3EFB25A7041200916594 /* Assets.xcassets */; };
		5C1D3EFF25A7041200916594 /* LaunchScreen.storyboard in Resources */ = {isa = PBXBuildFile; fileRef = 5C1D3EFD25A7041200916594 /* LaunchScreen.storyboard */; };
		5C1D3F0A25A7046900916594 /* SecondViewController.swift in Sources */ = {isa = PBXBuildFile; fileRef = 5C1D3F0925A7046900916594 /* SecondViewController.swift */; };
		5C1D3F0E25A7047800916594 /* ThirdViewController.swift in Sources */ = {isa = PBXBuildFile; fileRef = 5C1D3F0D25A7047800916594 /* ThirdViewController.swift */; };
/* End PBXBuildFile section */

/* Begin PBXFileReference section */
		5C1D3EEF25A7040F00916594 /* NavigationBasic.app */ = {isa = PBXFileReference; explicitFileType = wrapper.application; includeInIndex = 0; path = NavigationBasic.app; sourceTree = BUILT_PRODUCTS_DIR; };
		5C1D3EF225A7040F00916594 /* AppDelegate.swift */ = {isa = PBXFileReference; lastKnownFileType = sourcecode.swift; path = AppDelegate.swift; sourceTree = "<group>"; };
		5C1D3EF425A7040F00916594 /* SceneDelegate.swift */ = {isa = PBXFileReference; lastKnownFileType = sourcecode.swift; path = SceneDelegate.swift; sourceTree = "<group>"; };
		5C1D3EF625A7040F00916594 /* ViewController.swift */ = {isa = PBXFileReference; lastKnownFileType = sourcecode.swift; path = ViewController.swift; sourceTree = "<group>"; };
		5C1D3EF925A7040F00916594 /* Base */ = {isa = PBXFileReference; lastKnownFileType = file.storyboard; name = Base; path = Base.lproj/Main.storyboard; sourceTree = "<group>"; };
		5C1D3EFB25A7041200916594 /* Assets.xcassets */ = {isa = PBXFileReference; lastKnownFileType = folder.assetcatalog; path = Assets.xcassets; sourceTree = "<group>"; };
		5C1D3EFE25A7041200916594 /* Base */ = {isa = PBXFileReference; lastKnownFileType = file.storyboard; name = Base; path = Base.lproj/LaunchScreen.storyboard; sourceTree = "<group>"; };
		5C1D3F0025A7041200916594 /* Info.plist */ = {isa = PBXFileReference; lastKnownFileType = text.plist.xml; path = Info.plist; sourceTree = "<group>"; };
		5C1D3F0925A7046900916594 /* SecondViewController.swift */ = {isa = PBXFileReference; lastKnownFileType = sourcecode.swift; path = SecondViewController.swift; sourceTree = "<group>"; };
		5C1D3F0D25A7047800916594 /* ThirdViewController.swift */ = {isa = PBXFileReference; lastKnownFileType = sourcecode.swift; path = ThirdViewController.swift; sourceTree = "<group>"; };
/* End PBXFileReference section */

/* Begin PBXFrameworksBuildPhase section */
		5C1D3EEC25A7040F00916594 /* Frameworks */ = {
			isa = PBXFrameworksBuildPhase;
			buildActionMask = 2147483647;
			files = (
			);
			runOnlyForDeploymentPostprocessing = 0;
		};
/* End PBXFrameworksBuildPhase section */

/* Begin PBXGroup section */
		5C1D3EE625A7040F00916594 = {
			isa = PBXGroup;
			children = (
				5C1D3EF125A7040F00916594 /* NavigationBasic */,
				5C1D3EF025A7040F00916594 /* Products */,
			);
			sourceTree = "<group>";
		};
		5C1D3EF025A7040F00916594 /* Products */ = {
			isa = PBXGroup;
			children = (
				5C1D3EEF25A7040F00916594 /* NavigationBasic.app */,
			);
			name = Products;
			sourceTree = "<group>";
		};
		5C1D3EF125A7040F00916594 /* NavigationBasic */ = {
			isa = PBXGroup;
			children = (
				5C1D3F0725A7044E00916594 /* ViewControllers */,
				5C1D3EF225A7040F00916594 /* AppDelegate.swift */,
				5C1D3EF425A7040F00916594 /* SceneDelegate.swift */,
				5C1D3EF825A7040F00916594 /* Main.storyboard */,
				5C1D3EFB25A7041200916594 /* Assets.xcassets */,
				5C1D3EFD25A7041200916594 /* LaunchScreen.storyboard */,
				5C1D3F0025A7041200916594 /* Info.plist */,
			);
			path = NavigationBasic;
			sourceTree = "<group>";
		};
		5C1D3F0725A7044E00916594 /* ViewControllers */ = {
			isa = PBXGroup;
			children = (
				5C1D3EF625A7040F00916594 /* ViewController.swift */,
				5C1D3F0925A7046900916594 /* SecondViewController.swift */,
				5C1D3F0D25A7047800916594 /* ThirdViewController.swift */,
			);
			path = ViewControllers;
			sourceTree = "<group>";
		};
/* End PBXGroup section */

/* Begin PBXNativeTarget section */
		5C1D3EEE25A7040F00916594 /* NavigationBasic */ = {
			isa = PBXNativeTarget;
			buildConfigurationList = 5C1D3F0325A7041200916594 /* Build configuration list for PBXNativeTarget "NavigationBasic" */;
			buildPhases = (
				5C1D3EEB25A7040F00916594 /* Sources */,
				5C1D3EEC25A7040F00916594 /* Frameworks */,
				5C1D3EED25A7040F00916594 /* Resources */,
			);
			buildRules = (
			);
			dependencies = (
			);
			name = NavigationBasic;
			productName = NavigationBasic;
			productReference = 5C1D3EEF25A7040F00916594 /* NavigationBasic.app */;
			productType = "com.apple.product-type.application";
		};
/* End PBXNativeTarget section */

/* Begin PBXProject section */
		5C1D3EE725A7040F00916594 /* Project object */ = {
			isa = PBXProject;
			attributes = {
				LastSwiftUpdateCheck = 1230;
				LastUpgradeCheck = 1230;
				TargetAttributes = {
					5C1D3EEE25A7040F00916594 = {
						CreatedOnToolsVersion = 12.3;
					};
				};
			};
			buildConfigurationList = 5C1D3EEA25A7040F00916594 /* Build configuration list for PBXProject "NavigationBasic" */;
			compatibilityVersion = "Xcode 9.3";
			developmentRegion = en;
			hasScannedForEncodings = 0;
			knownRegions = (
				en,
				Base,
			);
			mainGroup = 5C1D3EE625A7040F00916594;
			productRefGroup = 5C1D3EF025A7040F00916594 /* Products */;
			projectDirPath = "";
			projectRoot = "";
			targets = (
				5C1D3EEE25A7040F00916594 /* NavigationBasic */,
			);
		};
/* End PBXProject section */

/* Begin PBXResourcesBuildPhase section */
		5C1D3EED25A7040F00916594 /* Resources */ = {
			isa = PBXResourcesBuildPhase;
			buildActionMask = 2147483647;
			files = (
				5C1D3EFF25A7041200916594 /* LaunchScreen.storyboard in Resources */,
				5C1D3EFC25A7041200916594 /* Assets.xcassets in Resources */,
				5C1D3EFA25A7040F00916594 /* Main.storyboard in Resources */,
			);
			runOnlyForDeploymentPostprocessing = 0;
		};
/* End PBXResourcesBuildPhase section */

/* Begin PBXSourcesBuildPhase section */
		5C1D3EEB25A7040F00916594 /* Sources */ = {
			isa = PBXSourcesBuildPhase;
			buildActionMask = 2147483647;
			files = (
				5C1D3F0A25A7046900916594 /* SecondViewController.swift in Sources */,
				5C1D3EF725A7040F00916594 /* ViewController.swift in Sources */,
				5C1D3F0E25A7047800916594 /* ThirdViewController.swift in Sources */,
				5C1D3EF325A7040F00916594 /* AppDelegate.swift in Sources */,
				5C1D3EF525A7040F00916594 /* SceneDelegate.swift in Sources */,
			);
			runOnlyForDeploymentPostprocessing = 0;
		};
/* End PBXSourcesBuildPhase section */

/* Begin PBXVariantGroup section */
		5C1D3EF825A7040F00916594 /* Main.storyboard */ = {
			isa = PBXVariantGroup;
			children = (
				5C1D3EF925A7040F00916594 /* Base */,
			);
			name = Main.storyboard;
			sourceTree = "<group>";
		};
		5C1D3EFD25A7041200916594 /* LaunchScreen.storyboard */ = {
			isa = PBXVariantGroup;
			children = (
				5C1D3EFE25A7041200916594 /* Base */,
			);
			name = LaunchScreen.storyboard;
			sourceTree = "<group>";
		};
/* End PBXVariantGroup section */

/* Begin XCBuildConfiguration section */
		5C1D3F0125A7041200916594 /* Debug */ = {
			isa = XCBuildConfiguration;
			buildSettings = {
				ALWAYS_SEARCH_USER_PATHS = NO;
				CLANG_ANALYZER_NONNULL = YES;
				CLANG_ANALYZER_NUMBER_OBJECT_CONVERSION = YES_AGGRESSIVE;
				CLANG_CXX_LANGUAGE_STANDARD = "gnu++14";
				CLANG_CXX_LIBRARY = "libc++";
				CLANG_ENABLE_MODULES = YES;
				CLANG_ENABLE_OBJC_ARC = YES;
				CLANG_ENABLE_OBJC_WEAK = YES;
				CLANG_WARN_BLOCK_CAPTURE_AUTORELEASING = YES;
				CLANG_WARN_BOOL_CONVERSION = YES;
				CLANG_WARN_COMMA = YES;
				CLANG_WARN_CONSTANT_CONVERSION = YES;
				CLANG_WARN_DEPRECATED_OBJC_IMPLEMENTATIONS = YES;
				CLANG_WARN_DIRECT_OBJC_ISA_USAGE = YES_ERROR;
				CLANG_WARN_DOCUMENTATION_COMMENTS = YES;
				CLANG_WARN_EMPTY_BODY = YES;
				CLANG_WARN_ENUM_CONVERSION = YES;
				CLANG_WARN_INFINITE_RECURSION = YES;
				CLANG_WARN_INT_CONVERSION = YES;
				CLANG_WARN_NON_LITERAL_NULL_CONVERSION = YES;
				CLANG_WARN_OBJC_IMPLICIT_RETAIN_SELF = YES;
				CLANG_WARN_OBJC_LITERAL_CONVERSION = YES;
				CLANG_WARN_OBJC_ROOT_CLASS = YES_ERROR;
				CLANG_WARN_QUOTED_INCLUDE_IN_FRAMEWORK_HEADER = YES;
				CLANG_WARN_RANGE_LOOP_ANALYSIS = YES;
				CLANG_WARN_STRICT_PROTOTYPES = YES;
				CLANG_WARN_SUSPICIOUS_MOVE = YES;
				CLANG_WARN_UNGUARDED_AVAILABILITY = YES_AGGRESSIVE;
				CLANG_WARN_UNREACHABLE_CODE = YES;
				CLANG_WARN__DUPLICATE_METHOD_MATCH = YES;
				COPY_PHASE_STRIP = NO;
				DEBUG_INFORMATION_FORMAT = dwarf;
				ENABLE_STRICT_OBJC_MSGSEND = YES;
				ENABLE_TESTABILITY = YES;
				GCC_C_LANGUAGE_STANDARD = gnu11;
				GCC_DYNAMIC_NO_PIC = NO;
				GCC_NO_COMMON_BLOCKS = YES;
				GCC_OPTIMIZATION_LEVEL = 0;
				GCC_PREPROCESSOR_DEFINITIONS = (
					"DEBUG=1",
					"$(inherited)",
				);
				GCC_WARN_64_TO_32_BIT_CONVERSION = YES;
				GCC_WARN_ABOUT_RETURN_TYPE = YES_ERROR;
				GCC_WARN_UNDECLARED_SELECTOR = YES;
				GCC_WARN_UNINITIALIZED_AUTOS = YES_AGGRESSIVE;
				GCC_WARN_UNUSED_FUNCTION = YES;
				GCC_WARN_UNUSED_VARIABLE = YES;
				IPHONEOS_DEPLOYMENT_TARGET = 14.3;
				MTL_ENABLE_DEBUG_INFO = INCLUDE_SOURCE;
				MTL_FAST_MATH = YES;
				ONLY_ACTIVE_ARCH = YES;
				SDKROOT = iphoneos;
				SWIFT_ACTIVE_COMPILATION_CONDITIONS = DEBUG;
				SWIFT_OPTIMIZATION_LEVEL = "-Onone";
			};
			name = Debug;
		};
		5C1D3F0225A7041200916594 /* Release */ = {
			isa = XCBuildConfiguration;
			buildSettings = {
				ALWAYS_SEARCH_USER_PATHS = NO;
				CLANG_ANALYZER_NONNULL = YES;
				CLANG_ANALYZER_NUMBER_OBJECT_CONVERSION = YES_AGGRESSIVE;
				CLANG_CXX_LANGUAGE_STANDARD = "gnu++14";
				CLANG_CXX_LIBRARY = "libc++";
				CLANG_ENABLE_MODULES = YES;
				CLANG_ENABLE_OBJC_ARC = YES;
				CLANG_ENABLE_OBJC_WEAK = YES;
				CLANG_WARN_BLOCK_CAPTURE_AUTORELEASING = YES;
				CLANG_WARN_BOOL_CONVERSION = YES;
				CLANG_WARN_COMMA = YES;
				CLANG_WARN_CONSTANT_CONVERSION = YES;
				CLANG_WARN_DEPRECATED_OBJC_IMPLEMENTATIONS = YES;
				CLANG_WARN_DIRECT_OBJC_ISA_USAGE = YES_ERROR;
				CLANG_WARN_DOCUMENTATION_COMMENTS = YES;
				CLANG_WARN_EMPTY_BODY = YES;
				CLANG_WARN_ENUM_CONVERSION = YES;
				CLANG_WARN_INFINITE_RECURSION = YES;
				CLANG_WARN_INT_CONVERSION = YES;
				CLANG_WARN_NON_LITERAL_NULL_CONVERSION = YES;
				CLANG_WARN_OBJC_IMPLICIT_RETAIN_SELF = YES;
				CLANG_WARN_OBJC_LITERAL_CONVERSION = YES;
				CLANG_WARN_OBJC_ROOT_CLASS = YES_ERROR;
				CLANG_WARN_QUOTED_INCLUDE_IN_FRAMEWORK_HEADER = YES;
				CLANG_WARN_RANGE_LOOP_ANALYSIS = YES;
				CLANG_WARN_STRICT_PROTOTYPES = YES;
				CLANG_WARN_SUSPICIOUS_MOVE = YES;
				CLANG_WARN_UNGUARDED_AVAILABILITY = YES_AGGRESSIVE;
				CLANG_WARN_UNREACHABLE_CODE = YES;
				CLANG_WARN__DUPLICATE_METHOD_MATCH = YES;
				COPY_PHASE_STRIP = NO;
				DEBUG_INFORMATION_FORMAT = "dwarf-with-dsym";
				ENABLE_NS_ASSERTIONS = NO;
				ENABLE_STRICT_OBJC_MSGSEND = YES;
				GCC_C_LANGUAGE_STANDARD = gnu11;
				GCC_NO_COMMON_BLOCKS = YES;
				GCC_WARN_64_TO_32_BIT_CONVERSION = YES;
				GCC_WARN_ABOUT_RETURN_TYPE = YES_ERROR;
				GCC_WARN_UNDECLARED_SELECTOR = YES;
				GCC_WARN_UNINITIALIZED_AUTOS = YES_AGGRESSIVE;
				GCC_WARN_UNUSED_FUNCTION = YES;
				GCC_WARN_UNUSED_VARIABLE = YES;
				IPHONEOS_DEPLOYMENT_TARGET = 14.3;
				MTL_ENABLE_DEBUG_INFO = NO;
				MTL_FAST_MATH = YES;
				SDKROOT = iphoneos;
				SWIFT_COMPILATION_MODE = wholemodule;
				SWIFT_OPTIMIZATION_LEVEL = "-O";
				VALIDATE_PRODUCT = YES;
			};
			name = Release;
		};
		5C1D3F0425A7041200916594 /* Debug */ = {
			isa = XCBuildConfiguration;
			buildSettings = {
				ASSETCATALOG_COMPILER_APPICON_NAME = AppIcon;
				ASSETCATALOG_COMPILER_GLOBAL_ACCENT_COLOR_NAME = AccentColor;
				CODE_SIGN_STYLE = Automatic;
				DEVELOPMENT_TEAM = N4RT4KGQK9;
				INFOPLIST_FILE = NavigationBasic/Info.plist;
				LD_RUNPATH_SEARCH_PATHS = (
					"$(inherited)",
					"@executable_path/Frameworks",
				);
				PRODUCT_BUNDLE_IDENTIFIER = com.madilyn.NavigationBasic;
				PRODUCT_NAME = "$(TARGET_NAME)";
				SWIFT_VERSION = 5.0;
				TARGETED_DEVICE_FAMILY = "1,2";
			};
			name = Debug;
		};
		5C1D3F0525A7041200916594 /* Release */ = {
			isa = XCBuildConfiguration;
			buildSettings = {
				ASSETCATALOG_COMPILER_APPICON_NAME = AppIcon;
				ASSETCATALOG_COMPILER_GLOBAL_ACCENT_COLOR_NAME = AccentColor;
				CODE_SIGN_STYLE = Automatic;
				DEVELOPMENT_TEAM = N4RT4KGQK9;
				INFOPLIST_FILE = NavigationBasic/Info.plist;
				LD_RUNPATH_SEARCH_PATHS = (
					"$(inherited)",
					"@executable_path/Frameworks",
				);
				PRODUCT_BUNDLE_IDENTIFIER = com.madilyn.NavigationBasic;
				PRODUCT_NAME = "$(TARGET_NAME)";
				SWIFT_VERSION = 5.0;
				TARGETED_DEVICE_FAMILY = "1,2";
			};
			name = Release;
		};
/* End XCBuildConfiguration section */

/* Begin XCConfigurationList section */
		5C1D3EEA25A7040F00916594 /* Build configuration list for PBXProject "NavigationBasic" */ = {
			isa = XCConfigurationList;
			buildConfigurations = (
				5C1D3F0125A7041200916594 /* Debug */,
				5C1D3F0225A7041200916594 /* Release */,
			);
			defaultConfigurationIsVisible = 0;
			defaultConfigurationName = Release;
		};
		5C1D3F0325A7041200916594 /* Build configuration list for PBXNativeTarget "NavigationBasic" */ = {
			isa = XCConfigurationList;
			buildConfigurations = (
				5C1D3F0425A7041200916594 /* Debug */,
				5C1D3F0525A7041200916594 /* Release */,
			);
			defaultConfigurationIsVisible = 0;
			defaultConfigurationName = Release;
		};
/* End XCConfigurationList section */
	};
	rootObject = 5C1D3EE725A7040F00916594 /* Project object */;
}
