// !$*UTF8*$!
{
	archiveVersion = 1;
	classes = {
	};
	objectVersion = 50;
	objects = {

/* Begin PBXBuildFile section */
		4D0EEC42ADE6A00F48EA746F /* Pods_TableViewExampleDay5.framework in Frameworks */ = {isa = PBXBuildFile; fileRef = 23428192A74F44C0C3A5AC3A /* Pods_TableViewExampleDay5.framework */; };
		5C74409825A7F56500EF9F53 /* AppDelegate.swift in Sources */ = {isa = PBXBuildFile; fileRef = 5C74409725A7F56500EF9F53 /* AppDelegate.swift */; };
		5C74409A25A7F56500EF9F53 /* SceneDelegate.swift in Sources */ = {isa = PBXBuildFile; fileRef = 5C74409925A7F56500EF9F53 /* SceneDelegate.swift */; };
		5C74409C25A7F56500EF9F53 /* ViewController.swift in Sources */ = {isa = PBXBuildFile; fileRef = 5C74409B25A7F56500EF9F53 /* ViewController.swift */; };
		5C74409F25A7F56500EF9F53 /* Main.storyboard in Resources */ = {isa = PBXBuildFile; fileRef = 5C74409D25A7F56500EF9F53 /* Main.storyboard */; };
		5C7440A125A7F56700EF9F53 /* Assets.xcassets in Resources */ = {isa = PBXBuildFile; fileRef = 5C7440A025A7F56700EF9F53 /* Assets.xcassets */; };
		5C7440A425A7F56700EF9F53 /* LaunchScreen.storyboard in Resources */ = {isa = PBXBuildFile; fileRef = 5C7440A225A7F56700EF9F53 /* LaunchScreen.storyboard */; };
		5CBEF24725AC522D005D2ABC /* memoCell.swift in Sources */ = {isa = PBXBuildFile; fileRef = 5CBEF24625AC522D005D2ABC /* memoCell.swift */; };
/* End PBXBuildFile section */

/* Begin PBXFileReference section */
		23428192A74F44C0C3A5AC3A /* Pods_TableViewExampleDay5.framework */ = {isa = PBXFileReference; explicitFileType = wrapper.framework; includeInIndex = 0; path = Pods_TableViewExampleDay5.framework; sourceTree = BUILT_PRODUCTS_DIR; };
		2D0BCFFCE543670838FF0879 /* Pods-TableViewExampleDay5.release.xcconfig */ = {isa = PBXFileReference; includeInIndex = 1; lastKnownFileType = text.xcconfig; name = "Pods-TableViewExampleDay5.release.xcconfig"; path = "Target Support Files/Pods-TableViewExampleDay5/Pods-TableViewExampleDay5.release.xcconfig"; sourceTree = "<group>"; };
		5C74409425A7F56500EF9F53 /* TableViewExampleDay5.app */ = {isa = PBXFileReference; explicitFileType = wrapper.application; includeInIndex = 0; path = TableViewExampleDay5.app; sourceTree = BUILT_PRODUCTS_DIR; };
		5C74409725A7F56500EF9F53 /* AppDelegate.swift */ = {isa = PBXFileReference; lastKnownFileType = sourcecode.swift; path = AppDelegate.swift; sourceTree = "<group>"; };
		5C74409925A7F56500EF9F53 /* SceneDelegate.swift */ = {isa = PBXFileReference; lastKnownFileType = sourcecode.swift; path = SceneDelegate.swift; sourceTree = "<group>"; };
		5C74409B25A7F56500EF9F53 /* ViewController.swift */ = {isa = PBXFileReference; lastKnownFileType = sourcecode.swift; path = ViewController.swift; sourceTree = "<group>"; };
		5C74409E25A7F56500EF9F53 /* Base */ = {isa = PBXFileReference; lastKnownFileType = file.storyboard; name = Base; path = Base.lproj/Main.storyboard; sourceTree = "<group>"; };
		5C7440A025A7F56700EF9F53 /* Assets.xcassets */ = {isa = PBXFileReference; lastKnownFileType = folder.assetcatalog; path = Assets.xcassets; sourceTree = "<group>"; };
		5C7440A325A7F56700EF9F53 /* Base */ = {isa = PBXFileReference; lastKnownFileType = file.storyboard; name = Base; path = Base.lproj/LaunchScreen.storyboard; sourceTree = "<group>"; };
		5C7440A525A7F56700EF9F53 /* Info.plist */ = {isa = PBXFileReference; lastKnownFileType = text.plist.xml; path = Info.plist; sourceTree = "<group>"; };
		5CBEF24625AC522D005D2ABC /* memoCell.swift */ = {isa = PBXFileReference; lastKnownFileType = sourcecode.swift; path = memoCell.swift; sourceTree = "<group>"; };
		93902AE6756D9905E47A7B3D /* Pods-TableViewExampleDay5.debug.xcconfig */ = {isa = PBXFileReference; includeInIndex = 1; lastKnownFileType = text.xcconfig; name = "Pods-TableViewExampleDay5.debug.xcconfig"; path = "Target Support Files/Pods-TableViewExampleDay5/Pods-TableViewExampleDay5.debug.xcconfig"; sourceTree = "<group>"; };
/* End PBXFileReference section */

/* Begin PBXFrameworksBuildPhase section */
		5C74409125A7F56500EF9F53 /* Frameworks */ = {
			isa = PBXFrameworksBuildPhase;
			buildActionMask = 2147483647;
			files = (
				4D0EEC42ADE6A00F48EA746F /* Pods_TableViewExampleDay5.framework in Frameworks */,
			);
			runOnlyForDeploymentPostprocessing = 0;
		};
/* End PBXFrameworksBuildPhase section */

/* Begin PBXGroup section */
		2D2033D3ABF80968874B00AF /* Pods */ = {
			isa = PBXGroup;
			children = (
				93902AE6756D9905E47A7B3D /* Pods-TableViewExampleDay5.debug.xcconfig */,
				2D0BCFFCE543670838FF0879 /* Pods-TableViewExampleDay5.release.xcconfig */,
			);
			name = Pods;
			path = Pods;
			sourceTree = "<group>";
		};
		5C74408B25A7F56500EF9F53 = {
			isa = PBXGroup;
			children = (
				5C74409625A7F56500EF9F53 /* TableViewExampleDay5 */,
				5C74409525A7F56500EF9F53 /* Products */,
				2D2033D3ABF80968874B00AF /* Pods */,
				ECCE7FBAB0B922C37B7D6C57 /* Frameworks */,
			);
			sourceTree = "<group>";
		};
		5C74409525A7F56500EF9F53 /* Products */ = {
			isa = PBXGroup;
			children = (
				5C74409425A7F56500EF9F53 /* TableViewExampleDay5.app */,
			);
			name = Products;
			sourceTree = "<group>";
		};
		5C74409625A7F56500EF9F53 /* TableViewExampleDay5 */ = {
			isa = PBXGroup;
			children = (
				5C74409725A7F56500EF9F53 /* AppDelegate.swift */,
				5C74409925A7F56500EF9F53 /* SceneDelegate.swift */,
				5C74409B25A7F56500EF9F53 /* ViewController.swift */,
				5C74409D25A7F56500EF9F53 /* Main.storyboard */,
				5C7440A025A7F56700EF9F53 /* Assets.xcassets */,
				5C7440A225A7F56700EF9F53 /* LaunchScreen.storyboard */,
				5C7440A525A7F56700EF9F53 /* Info.plist */,
				5CBEF24625AC522D005D2ABC /* memoCell.swift */,
			);
			path = TableViewExampleDay5;
			sourceTree = "<group>";
		};
		ECCE7FBAB0B922C37B7D6C57 /* Frameworks */ = {
			isa = PBXGroup;
			children = (
				23428192A74F44C0C3A5AC3A /* Pods_TableViewExampleDay5.framework */,
			);
			name = Frameworks;
			sourceTree = "<group>";
		};
/* End PBXGroup section */

/* Begin PBXNativeTarget section */
		5C74409325A7F56500EF9F53 /* TableViewExampleDay5 */ = {
			isa = PBXNativeTarget;
			buildConfigurationList = 5C7440A825A7F56700EF9F53 /* Build configuration list for PBXNativeTarget "TableViewExampleDay5" */;
			buildPhases = (
				A4A9406595D379B26D46E3FE /* [CP] Check Pods Manifest.lock */,
				5C74409025A7F56500EF9F53 /* Sources */,
				5C74409125A7F56500EF9F53 /* Frameworks */,
				5C74409225A7F56500EF9F53 /* Resources */,
				0E5CA4C8C6ADA45C079D53B6 /* [CP] Embed Pods Frameworks */,
			);
			buildRules = (
			);
			dependencies = (
			);
			name = TableViewExampleDay5;
			productName = TableViewExample;
			productReference = 5C74409425A7F56500EF9F53 /* TableViewExampleDay5.app */;
			productType = "com.apple.product-type.application";
		};
/* End PBXNativeTarget section */

/* Begin PBXProject section */
		5C74408C25A7F56500EF9F53 /* Project object */ = {
			isa = PBXProject;
			attributes = {
				LastSwiftUpdateCheck = 1230;
				LastUpgradeCheck = 1230;
				TargetAttributes = {
					5C74409325A7F56500EF9F53 = {
						CreatedOnToolsVersion = 12.3;
					};
				};
			};
			buildConfigurationList = 5C74408F25A7F56500EF9F53 /* Build configuration list for PBXProject "TableViewExampleDay5" */;
			compatibilityVersion = "Xcode 9.3";
			developmentRegion = en;
			hasScannedForEncodings = 0;
			knownRegions = (
				en,
				Base,
			);
			mainGroup = 5C74408B25A7F56500EF9F53;
			productRefGroup = 5C74409525A7F56500EF9F53 /* Products */;
			projectDirPath = "";
			projectRoot = "";
			targets = (
				5C74409325A7F56500EF9F53 /* TableViewExampleDay5 */,
			);
		};
/* End PBXProject section */

/* Begin PBXResourcesBuildPhase section */
		5C74409225A7F56500EF9F53 /* Resources */ = {
			isa = PBXResourcesBuildPhase;
			buildActionMask = 2147483647;
			files = (
				5C7440A425A7F56700EF9F53 /* LaunchScreen.storyboard in Resources */,
				5C7440A125A7F56700EF9F53 /* Assets.xcassets in Resources */,
				5C74409F25A7F56500EF9F53 /* Main.storyboard in Resources */,
			);
			runOnlyForDeploymentPostprocessing = 0;
		};
/* End PBXResourcesBuildPhase section */

/* Begin PBXShellScriptBuildPhase section */
		0E5CA4C8C6ADA45C079D53B6 /* [CP] Embed Pods Frameworks */ = {
			isa = PBXShellScriptBuildPhase;
			buildActionMask = 2147483647;
			files = (
			);
			inputFileListPaths = (
				"${PODS_ROOT}/Target Support Files/Pods-TableViewExampleDay5/Pods-TableViewExampleDay5-frameworks-${CONFIGURATION}-input-files.xcfilelist",
			);
			name = "[CP] Embed Pods Frameworks";
			outputFileListPaths = (
				"${PODS_ROOT}/Target Support Files/Pods-TableViewExampleDay5/Pods-TableViewExampleDay5-frameworks-${CONFIGURATION}-output-files.xcfilelist",
			);
			runOnlyForDeploymentPostprocessing = 0;
			shellPath = /bin/sh;
			shellScript = "\"${PODS_ROOT}/Target Support Files/Pods-TableViewExampleDay5/Pods-TableViewExampleDay5-frameworks.sh\"\n";
			showEnvVarsInLog = 0;
		};
		A4A9406595D379B26D46E3FE /* [CP] Check Pods Manifest.lock */ = {
			isa = PBXShellScriptBuildPhase;
			buildActionMask = 2147483647;
			files = (
			);
			inputFileListPaths = (
			);
			inputPaths = (
				"${PODS_PODFILE_DIR_PATH}/Podfile.lock",
				"${PODS_ROOT}/Manifest.lock",
			);
			name = "[CP] Check Pods Manifest.lock";
			outputFileListPaths = (
			);
			outputPaths = (
				"$(DERIVED_FILE_DIR)/Pods-TableViewExampleDay5-checkManifestLockResult.txt",
			);
			runOnlyForDeploymentPostprocessing = 0;
			shellPath = /bin/sh;
			shellScript = "diff \"${PODS_PODFILE_DIR_PATH}/Podfile.lock\" \"${PODS_ROOT}/Manifest.lock\" > /dev/null\nif [ $? != 0 ] ; then\n    # print error to STDERR\n    echo \"error: The sandbox is not in sync with the Podfile.lock. Run 'pod install' or update your CocoaPods installation.\" >&2\n    exit 1\nfi\n# This output is used by Xcode 'outputs' to avoid re-running this script phase.\necho \"SUCCESS\" > \"${SCRIPT_OUTPUT_FILE_0}\"\n";
			showEnvVarsInLog = 0;
		};
/* End PBXShellScriptBuildPhase section */

/* Begin PBXSourcesBuildPhase section */
		5C74409025A7F56500EF9F53 /* Sources */ = {
			isa = PBXSourcesBuildPhase;
			buildActionMask = 2147483647;
			files = (
				5C74409C25A7F56500EF9F53 /* ViewController.swift in Sources */,
				5C74409825A7F56500EF9F53 /* AppDelegate.swift in Sources */,
				5C74409A25A7F56500EF9F53 /* SceneDelegate.swift in Sources */,
				5CBEF24725AC522D005D2ABC /* memoCell.swift in Sources */,
			);
			runOnlyForDeploymentPostprocessing = 0;
		};
/* End PBXSourcesBuildPhase section */

/* Begin PBXVariantGroup section */
		5C74409D25A7F56500EF9F53 /* Main.storyboard */ = {
			isa = PBXVariantGroup;
			children = (
				5C74409E25A7F56500EF9F53 /* Base */,
			);
			name = Main.storyboard;
			sourceTree = "<group>";
		};
		5C7440A225A7F56700EF9F53 /* LaunchScreen.storyboard */ = {
			isa = PBXVariantGroup;
			children = (
				5C7440A325A7F56700EF9F53 /* Base */,
			);
			name = LaunchScreen.storyboard;
			sourceTree = "<group>";
		};
/* End PBXVariantGroup section */

/* Begin XCBuildConfiguration section */
		5C7440A625A7F56700EF9F53 /* Debug */ = {
			isa = XCBuildConfiguration;
			buildSettings = {
				ALWAYS_SEARCH_USER_PATHS = NO;
				CLANG_ANALYZER_NONNULL = YES;
				CLANG_ANALYZER_NUMBER_OBJECT_CONVERSION = YES_AGGRESSIVE;
				CLANG_CXX_LANGUAGE_STANDARD = "gnu++14";
				CLANG_CXX_LIBRARY = "libc++";
				CLANG_ENABLE_MODULES = YES;
				CLANG_ENABLE_OBJC_ARC = YES;
				CLANG_ENABLE_OBJC_WEAK = YES;
				CLANG_WARN_BLOCK_CAPTURE_AUTORELEASING = YES;
				CLANG_WARN_BOOL_CONVERSION = YES;
				CLANG_WARN_COMMA = YES;
				CLANG_WARN_CONSTANT_CONVERSION = YES;
				CLANG_WARN_DEPRECATED_OBJC_IMPLEMENTATIONS = YES;
				CLANG_WARN_DIRECT_OBJC_ISA_USAGE = YES_ERROR;
				CLANG_WARN_DOCUMENTATION_COMMENTS = YES;
				CLANG_WARN_EMPTY_BODY = YES;
				CLANG_WARN_ENUM_CONVERSION = YES;
				CLANG_WARN_INFINITE_RECURSION = YES;
				CLANG_WARN_INT_CONVERSION = YES;
				CLANG_WARN_NON_LITERAL_NULL_CONVERSION = YES;
				CLANG_WARN_OBJC_IMPLICIT_RETAIN_SELF = YES;
				CLANG_WARN_OBJC_LITERAL_CONVERSION = YES;
				CLANG_WARN_OBJC_ROOT_CLASS = YES_ERROR;
				CLANG_WARN_QUOTED_INCLUDE_IN_FRAMEWORK_HEADER = YES;
				CLANG_WARN_RANGE_LOOP_ANALYSIS = YES;
				CLANG_WARN_STRICT_PROTOTYPES = YES;
				CLANG_WARN_SUSPICIOUS_MOVE = YES;
				CLANG_WARN_UNGUARDED_AVAILABILITY = YES_AGGRESSIVE;
				CLANG_WARN_UNREACHABLE_CODE = YES;
				CLANG_WARN__DUPLICATE_METHOD_MATCH = YES;
				COPY_PHASE_STRIP = NO;
				DEBUG_INFORMATION_FORMAT = dwarf;
				ENABLE_STRICT_OBJC_MSGSEND = YES;
				ENABLE_TESTABILITY = YES;
				GCC_C_LANGUAGE_STANDARD = gnu11;
				GCC_DYNAMIC_NO_PIC = NO;
				GCC_NO_COMMON_BLOCKS = YES;
				GCC_OPTIMIZATION_LEVEL = 0;
				GCC_PREPROCESSOR_DEFINITIONS = (
					"DEBUG=1",
					"$(inherited)",
				);
				GCC_WARN_64_TO_32_BIT_CONVERSION = YES;
				GCC_WARN_ABOUT_RETURN_TYPE = YES_ERROR;
				GCC_WARN_UNDECLARED_SELECTOR = YES;
				GCC_WARN_UNINITIALIZED_AUTOS = YES_AGGRESSIVE;
				GCC_WARN_UNUSED_FUNCTION = YES;
				GCC_WARN_UNUSED_VARIABLE = YES;
				IPHONEOS_DEPLOYMENT_TARGET = 14.3;
				MTL_ENABLE_DEBUG_INFO = INCLUDE_SOURCE;
				MTL_FAST_MATH = YES;
				ONLY_ACTIVE_ARCH = YES;
				SDKROOT = iphoneos;
				SWIFT_ACTIVE_COMPILATION_CONDITIONS = DEBUG;
				SWIFT_OPTIMIZATION_LEVEL = "-Onone";
			};
			name = Debug;
		};
		5C7440A725A7F56700EF9F53 /* Release */ = {
			isa = XCBuildConfiguration;
			buildSettings = {
				ALWAYS_SEARCH_USER_PATHS = NO;
				CLANG_ANALYZER_NONNULL = YES;
				CLANG_ANALYZER_NUMBER_OBJECT_CONVERSION = YES_AGGRESSIVE;
				CLANG_CXX_LANGUAGE_STANDARD = "gnu++14";
				CLANG_CXX_LIBRARY = "libc++";
				CLANG_ENABLE_MODULES = YES;
				CLANG_ENABLE_OBJC_ARC = YES;
				CLANG_ENABLE_OBJC_WEAK = YES;
				CLANG_WARN_BLOCK_CAPTURE_AUTORELEASING = YES;
				CLANG_WARN_BOOL_CONVERSION = YES;
				CLANG_WARN_COMMA = YES;
				CLANG_WARN_CONSTANT_CONVERSION = YES;
				CLANG_WARN_DEPRECATED_OBJC_IMPLEMENTATIONS = YES;
				CLANG_WARN_DIRECT_OBJC_ISA_USAGE = YES_ERROR;
				CLANG_WARN_DOCUMENTATION_COMMENTS = YES;
				CLANG_WARN_EMPTY_BODY = YES;
				CLANG_WARN_ENUM_CONVERSION = YES;
				CLANG_WARN_INFINITE_RECURSION = YES;
				CLANG_WARN_INT_CONVERSION = YES;
				CLANG_WARN_NON_LITERAL_NULL_CONVERSION = YES;
				CLANG_WARN_OBJC_IMPLICIT_RETAIN_SELF = YES;
				CLANG_WARN_OBJC_LITERAL_CONVERSION = YES;
				CLANG_WARN_OBJC_ROOT_CLASS = YES_ERROR;
				CLANG_WARN_QUOTED_INCLUDE_IN_FRAMEWORK_HEADER = YES;
				CLANG_WARN_RANGE_LOOP_ANALYSIS = YES;
				CLANG_WARN_STRICT_PROTOTYPES = YES;
				CLANG_WARN_SUSPICIOUS_MOVE = YES;
				CLANG_WARN_UNGUARDED_AVAILABILITY = YES_AGGRESSIVE;
				CLANG_WARN_UNREACHABLE_CODE = YES;
				CLANG_WARN__DUPLICATE_METHOD_MATCH = YES;
				COPY_PHASE_STRIP = NO;
				DEBUG_INFORMATION_FORMAT = "dwarf-with-dsym";
				ENABLE_NS_ASSERTIONS = NO;
				ENABLE_STRICT_OBJC_MSGSEND = YES;
				GCC_C_LANGUAGE_STANDARD = gnu11;
				GCC_NO_COMMON_BLOCKS = YES;
				GCC_WARN_64_TO_32_BIT_CONVERSION = YES;
				GCC_WARN_ABOUT_RETURN_TYPE = YES_ERROR;
				GCC_WARN_UNDECLARED_SELECTOR = YES;
				GCC_WARN_UNINITIALIZED_AUTOS = YES_AGGRESSIVE;
				GCC_WARN_UNUSED_FUNCTION = YES;
				GCC_WARN_UNUSED_VARIABLE = YES;
				IPHONEOS_DEPLOYMENT_TARGET = 14.3;
				MTL_ENABLE_DEBUG_INFO = NO;
				MTL_FAST_MATH = YES;
				SDKROOT = iphoneos;
				SWIFT_COMPILATION_MODE = wholemodule;
				SWIFT_OPTIMIZATION_LEVEL = "-O";
				VALIDATE_PRODUCT = YES;
			};
			name = Release;
		};
		5C7440A925A7F56700EF9F53 /* Debug */ = {
			isa = XCBuildConfiguration;
			baseConfigurationReference = 93902AE6756D9905E47A7B3D /* Pods-TableViewExampleDay5.debug.xcconfig */;
			buildSettings = {
				ASSETCATALOG_COMPILER_APPICON_NAME = AppIcon;
				ASSETCATALOG_COMPILER_GLOBAL_ACCENT_COLOR_NAME = AccentColor;
				CODE_SIGN_STYLE = Automatic;
				DEVELOPMENT_TEAM = N4RT4KGQK9;
				INFOPLIST_FILE = TableViewExampleDay5/Info.plist;
				LD_RUNPATH_SEARCH_PATHS = (
					"$(inherited)",
					"@executable_path/Frameworks",
				);
				PRODUCT_BUNDLE_IDENTIFIER = com.madilyn.TableViewExampleDay5;
				PRODUCT_NAME = "$(TARGET_NAME)";
				SWIFT_VERSION = 5.0;
				TARGETED_DEVICE_FAMILY = "1,2";
			};
			name = Debug;
		};
		5C7440AA25A7F56700EF9F53 /* Release */ = {
			isa = XCBuildConfiguration;
			baseConfigurationReference = 2D0BCFFCE543670838FF0879 /* Pods-TableViewExampleDay5.release.xcconfig */;
			buildSettings = {
				ASSETCATALOG_COMPILER_APPICON_NAME = AppIcon;
				ASSETCATALOG_COMPILER_GLOBAL_ACCENT_COLOR_NAME = AccentColor;
				CODE_SIGN_STYLE = Automatic;
				DEVELOPMENT_TEAM = N4RT4KGQK9;
				INFOPLIST_FILE = TableViewExampleDay5/Info.plist;
				LD_RUNPATH_SEARCH_PATHS = (
					"$(inherited)",
					"@executable_path/Frameworks",
				);
				PRODUCT_BUNDLE_IDENTIFIER = com.madilyn.TableViewExampleDay5;
				PRODUCT_NAME = "$(TARGET_NAME)";
				SWIFT_VERSION = 5.0;
				TARGETED_DEVICE_FAMILY = "1,2";
			};
			name = Release;
		};
/* End XCBuildConfiguration section */

/* Begin XCConfigurationList section */
		5C74408F25A7F56500EF9F53 /* Build configuration list for PBXProject "TableViewExampleDay5" */ = {
			isa = XCConfigurationList;
			buildConfigurations = (
				5C7440A625A7F56700EF9F53 /* Debug */,
				5C7440A725A7F56700EF9F53 /* Release */,
			);
			defaultConfigurationIsVisible = 0;
			defaultConfigurationName = Release;
		};
		5C7440A825A7F56700EF9F53 /* Build configuration list for PBXNativeTarget "TableViewExampleDay5" */ = {
			isa = XCConfigurationList;
			buildConfigurations = (
				5C7440A925A7F56700EF9F53 /* Debug */,
				5C7440AA25A7F56700EF9F53 /* Release */,
			);
			defaultConfigurationIsVisible = 0;
			defaultConfigurationName = Release;
		};
/* End XCConfigurationList section */
	};
	rootObject = 5C74408C25A7F56500EF9F53 /* Project object */;
}
